# This file is automatically generated.
# It is not intended for manual editing.
version = 1

[[packages]]
name = "act:consent"
registry = "actcore.dev"

[[packages.versions]]
requirement = "=0.1.0"
version = "0.1.0"
digest = "sha256:7badb24225455b3a02892f067fb36b0d69045295c11f0836f5455327f4dc805b"

[[packages]]
name = "act:credentials"
registry = "actcore.dev"

[[packages.versions]]
requirement = "=0.1.0"
version = "0.1.0"
digest = "sha256:c0ad0b97dd42c1b7930a55f38da98ca5d67004aa7b6e30e76127d40556dd95aa"

[[packages]]
name = "act:sessions"
registry = "actcore.dev"

[[packages.versions]]
requirement = "=0.1.0"
version = "0.1.0"
digest = "sha256:a0dc7330a7e0f669400d298b816ec880138eb5e1c1b2ef8744fcea336bae20d6"

[[packages.versions]]
requirement = "=0.2.0"
version = "0.2.0"
digest = "sha256:431ad435af62b732043a8bea1deaad2c4aa021c628dfa683ae09315b3c3c7884"

[[packages]]
name = "act:tools"
registry = "actcore.dev"

[[packages.versions]]
requirement = "=0.1.0"
version = "0.1.0"
digest = "sha256:e10152e2563ef6759da98e3230a249c5c88b2a9877a6730a2590f2d48d94e9dd"

[[packages.versions]]
requirement = "=0.2.0"
version = "0.2.0"
digest = "sha256:c5ea8a362f19acbf09db07b866cae2e650725ce3977d72f18ed1f78de702ba04"
